# THIS IS AN AUTOGENERATED FILE. DO NOT EDIT THIS FILE DIRECTLY.
# yarn lockfile v1


"@aave/contract-helpers@^1.32.1":
  version "1.33.1"
  resolved "https://registry.npmjs.org/@aave/contract-helpers/-/contract-helpers-1.33.1.tgz#2156c179e802c40c137381d337c5f93ebee1abeb"
  integrity sha512-Zu/zwJiX3k2xBRAlNfmIJMIo19YWVJAL2uRPHbvCVxOUgzlhVyglIF98FgcZ+4aLwcjvSAw10wnIzGgJcPTNVw==
  dependencies:
    isomorphic-unfetch "^3.1.0"

"@aave/math-utils@^1.32.1":
  version "1.33.1"
  resolved "https://registry.npmjs.org/@aave/math-utils/-/math-utils-1.33.1.tgz#1dddf06e48cca13251db94e2f24afb0aa1b270ed"
  integrity sha512-+e7ThIRLxyrcLB507T3khdE6DqKn2vTR5hfnQd1rHetEzLObA6bKDElX7YEtGmuSzBwDTP4inpK2VtgiQAqIWQ==

"@adraffy/ens-normalize@1.10.1":
  version "1.10.1"
  resolved "https://registry.npmjs.org/@adraffy/ens-normalize/-/ens-normalize-1.10.1.tgz#63430d04bd8c5e74f8d7d049338f1cd9d4f02069"
  integrity sha512-96Z2IP3mYmF1Xg2cDm8f1gWGf/HUVedQ3FMifV4kG/PQ4yEP51xDtRAEfhVNt5f/uzpNkZHwWQuUcu6D6K+Ekw==

"@adraffy/ens-normalize@^1.10.1":
  version "1.11.0"
  resolved "https://registry.npmjs.org/@adraffy/ens-normalize/-/ens-normalize-1.11.0.tgz#42cc67c5baa407ac25059fcd7d405cc5ecdb0c33"
  integrity sha512-/3DDPKHqqIqxUULp8yP4zODUY1i+2xvVWsv8A79xGWdCAG+8sb0hRh0Rk2QyOJUnnbyPUAZYcpBuRe3nS2OIUg==

"@bgd-labs/aave-address-book@^4.10.0":
  version "4.17.2"
  resolved "https://registry.npmjs.org/@bgd-labs/aave-address-book/-/aave-address-book-4.17.2.tgz#976823b4c825aeda33bd9375705260aef857c88c"
  integrity sha512-UVVCaLlLBA5VHl+qip/9qH8yZnNyIvyeRd4nHgKAluNbjeyRPzqESqToGmWSvtWOYK2kUtOrWCu0z9ncq6t6IA==

"@ethersproject/abi@5.4.0":
  version "5.4.0"
  resolved "https://registry.npmjs.org/@ethersproject/abi/-/abi-5.4.0.tgz#a6d63bdb3672f738398846d4279fa6b6c9818242"
  integrity sha512-9gU2H+/yK1j2eVMdzm6xvHSnMxk8waIHQGYCZg5uvAyH0rsAzxkModzBSpbAkAuhKFEovC2S9hM4nPuLym8IZw==
  dependencies:
    "@ethersproject/address" "^5.4.0"
    "@ethersproject/bignumber" "^5.4.0"
    "@ethersproject/bytes" "^5.4.0"
    "@ethersproject/constants" "^5.4.0"
    "@ethersproject/hash" "^5.4.0"
    "@ethersproject/keccak256" "^5.4.0"
    "@ethersproject/logger" "^5.4.0"
    "@ethersproject/properties" "^5.4.0"
    "@ethersproject/strings" "^5.4.0"

"@ethersproject/abi@^5.4.0":
  version "5.8.0"
  resolved "https://registry.npmjs.org/@ethersproject/abi/-/abi-5.8.0.tgz#e79bb51940ac35fe6f3262d7fe2cdb25ad5f07d9"
  integrity sha512-b9YS/43ObplgyV6SlyQsG53/vkSal0MNA1fskSC4mbnCMi8R+NkcH8K9FPYNESf6jUefBUniE4SOKms0E/KK1Q==
  dependencies:
    "@ethersproject/address" "^5.8.0"
    "@ethersproject/bignumber" "^5.8.0"
    "@ethersproject/bytes" "^5.8.0"
    "@ethersproject/constants" "^5.8.0"
    "@ethersproject/hash" "^5.8.0"
    "@ethersproject/keccak256" "^5.8.0"
    "@ethersproject/logger" "^5.8.0"
    "@ethersproject/properties" "^5.8.0"
    "@ethersproject/strings" "^5.8.0"

"@ethersproject/abstract-provider@5.4.0":
  version "5.4.0"
  resolved "https://registry.npmjs.org/@ethersproject/abstract-provider/-/abstract-provider-5.4.0.tgz#415331031b0f678388971e1987305244edc04e1d"
  integrity sha512-vPBR7HKUBY0lpdllIn7tLIzNN7DrVnhCLKSzY0l8WAwxz686m/aL7ASDzrVxV93GJtIub6N2t4dfZ29CkPOxgA==
  dependencies:
    "@ethersproject/bignumber" "^5.4.0"
    "@ethersproject/bytes" "^5.4.0"
    "@ethersproject/logger" "^5.4.0"
    "@ethersproject/networks" "^5.4.0"
    "@ethersproject/properties" "^5.4.0"
    "@ethersproject/transactions" "^5.4.0"
    "@ethersproject/web" "^5.4.0"

"@ethersproject/abstract-provider@^5.4.0", "@ethersproject/abstract-provider@^5.8.0":
  version "5.8.0"
  resolved "https://registry.npmjs.org/@ethersproject/abstract-provider/-/abstract-provider-5.8.0.tgz#7581f9be601afa1d02b95d26b9d9840926a35b0c"
  integrity sha512-wC9SFcmh4UK0oKuLJQItoQdzS/qZ51EJegK6EmAWlh+OptpQ/npECOR3QqECd8iGHC0RJb4WKbVdSfif4ammrg==
  dependencies:
    "@ethersproject/bignumber" "^5.8.0"
    "@ethersproject/bytes" "^5.8.0"
    "@ethersproject/logger" "^5.8.0"
    "@ethersproject/networks" "^5.8.0"
    "@ethersproject/properties" "^5.8.0"
    "@ethersproject/transactions" "^5.8.0"
    "@ethersproject/web" "^5.8.0"

"@ethersproject/abstract-signer@5.4.0":
  version "5.4.0"
  resolved "https://registry.npmjs.org/@ethersproject/abstract-signer/-/abstract-signer-5.4.0.tgz#cd5f50b93141ee9f9f49feb4075a0b3eafb57d65"
  integrity sha512-AieQAzt05HJZS2bMofpuxMEp81AHufA5D6M4ScKwtolj041nrfIbIi8ciNW7+F59VYxXq+V4c3d568Q6l2m8ew==
  dependencies:
    "@ethersproject/abstract-provider" "^5.4.0"
    "@ethersproject/bignumber" "^5.4.0"
    "@ethersproject/bytes" "^5.4.0"
    "@ethersproject/logger" "^5.4.0"
    "@ethersproject/properties" "^5.4.0"

"@ethersproject/abstract-signer@^5.4.0", "@ethersproject/abstract-signer@^5.8.0":
  version "5.8.0"
  resolved "https://registry.npmjs.org/@ethersproject/abstract-signer/-/abstract-signer-5.8.0.tgz#8d7417e95e4094c1797a9762e6789c7356db0754"
  integrity sha512-N0XhZTswXcmIZQdYtUnd79VJzvEwXQw6PK0dTl9VoYrEBxxCPXqS0Eod7q5TNKRxe1/5WUMuR0u0nqTF/avdCA==
  dependencies:
    "@ethersproject/abstract-provider" "^5.8.0"
    "@ethersproject/bignumber" "^5.8.0"
    "@ethersproject/bytes" "^5.8.0"
    "@ethersproject/logger" "^5.8.0"
    "@ethersproject/properties" "^5.8.0"

"@ethersproject/address@5.4.0":
  version "5.4.0"
  resolved "https://registry.npmjs.org/@ethersproject/address/-/address-5.4.0.tgz#ba2d00a0f8c4c0854933b963b9a3a9f6eb4a37a3"
  integrity sha512-SD0VgOEkcACEG/C6xavlU1Hy3m5DGSXW3CUHkaaEHbAPPsgi0coP5oNPsxau8eTlZOk/bpa/hKeCNoK5IzVI2Q==
  dependencies:
    "@ethersproject/bignumber" "^5.4.0"
    "@ethersproject/bytes" "^5.4.0"
    "@ethersproject/keccak256" "^5.4.0"
    "@ethersproject/logger" "^5.4.0"
    "@ethersproject/rlp" "^5.4.0"

"@ethersproject/address@^5.4.0", "@ethersproject/address@^5.8.0":
  version "5.8.0"
  resolved "https://registry.npmjs.org/@ethersproject/address/-/address-5.8.0.tgz#3007a2c352eee566ad745dca1dbbebdb50a6a983"
  integrity sha512-GhH/abcC46LJwshoN+uBNoKVFPxUuZm6dA257z0vZkKmU1+t8xTn8oK7B9qrj8W2rFRMch4gbJl6PmVxjxBEBA==
  dependencies:
    "@ethersproject/bignumber" "^5.8.0"
    "@ethersproject/bytes" "^5.8.0"
    "@ethersproject/keccak256" "^5.8.0"
    "@ethersproject/logger" "^5.8.0"
    "@ethersproject/rlp" "^5.8.0"

"@ethersproject/base64@5.4.0":
  version "5.4.0"
  resolved "https://registry.npmjs.org/@ethersproject/base64/-/base64-5.4.0.tgz#7252bf65295954c9048c7ca5f43e5c86441b2a9a"
  integrity sha512-CjQw6E17QDSSC5jiM9YpF7N1aSCHmYGMt9bWD8PWv6YPMxjsys2/Q8xLrROKI3IWJ7sFfZ8B3flKDTM5wlWuZQ==
  dependencies:
    "@ethersproject/bytes" "^5.4.0"

"@ethersproject/base64@^5.4.0", "@ethersproject/base64@^5.8.0":
  version "5.8.0"
  resolved "https://registry.npmjs.org/@ethersproject/base64/-/base64-5.8.0.tgz#61c669c648f6e6aad002c228465d52ac93ee83eb"
  integrity sha512-lN0oIwfkYj9LbPx4xEkie6rAMJtySbpOAFXSDVQaBnAzYfB4X2Qr+FXJGxMoc3Bxp2Sm8OwvzMrywxyw0gLjIQ==
  dependencies:
    "@ethersproject/bytes" "^5.8.0"

"@ethersproject/basex@5.4.0":
  version "5.4.0"
  resolved "https://registry.npmjs.org/@ethersproject/basex/-/basex-5.4.0.tgz#0a2da0f4e76c504a94f2b21d3161ed9438c7f8a6"
  integrity sha512-J07+QCVJ7np2bcpxydFVf/CuYo9mZ7T73Pe7KQY4c1lRlrixMeblauMxHXD0MPwFmUHZIILDNViVkykFBZylbg==
  dependencies:
    "@ethersproject/bytes" "^5.4.0"
    "@ethersproject/properties" "^5.4.0"

"@ethersproject/basex@^5.4.0", "@ethersproject/basex@^5.8.0":
  version "5.8.0"
  resolved "https://registry.npmjs.org/@ethersproject/basex/-/basex-5.8.0.tgz#1d279a90c4be84d1c1139114a1f844869e57d03a"
  integrity sha512-PIgTszMlDRmNwW9nhS6iqtVfdTAKosA7llYXNmGPw4YAI1PUyMv28988wAb41/gHF/WqGdoLv0erHaRcHRKW2Q==
  dependencies:
    "@ethersproject/bytes" "^5.8.0"
    "@ethersproject/properties" "^5.8.0"

"@ethersproject/bignumber@5.4.0":
  version "5.4.0"
  resolved "https://registry.npmjs.org/@ethersproject/bignumber/-/bignumber-5.4.0.tgz#be8dea298c0ec71208ee60f0b245be0761217ad9"
  integrity sha512-OXUu9f9hO3vGRIPxU40cignXZVaYyfx6j9NNMjebKdnaCL3anCLSSy8/b8d03vY6dh7duCC0kW72GEC4tZer2w==
  dependencies:
    "@ethersproject/bytes" "^5.4.0"
    "@ethersproject/logger" "^5.4.0"
    bn.js "^4.11.9"

"@ethersproject/bignumber@^5.4.0", "@ethersproject/bignumber@^5.8.0":
  version "5.8.0"
  resolved "https://registry.npmjs.org/@ethersproject/bignumber/-/bignumber-5.8.0.tgz#c381d178f9eeb370923d389284efa19f69efa5d7"
  integrity sha512-ZyaT24bHaSeJon2tGPKIiHszWjD/54Sz8t57Toch475lCLljC6MgPmxk7Gtzz+ddNN5LuHea9qhAe0x3D+uYPA==
  dependencies:
    "@ethersproject/bytes" "^5.8.0"
    "@ethersproject/logger" "^5.8.0"
    bn.js "^5.2.1"

"@ethersproject/bytes@5.4.0":
  version "5.4.0"
  resolved "https://registry.npmjs.org/@ethersproject/bytes/-/bytes-5.4.0.tgz#56fa32ce3bf67153756dbaefda921d1d4774404e"
  integrity sha512-H60ceqgTHbhzOj4uRc/83SCN9d+BSUnOkrr2intevqdtEMO1JFVZ1XL84OEZV+QjV36OaZYxtnt4lGmxcGsPfA==
  dependencies:
    "@ethersproject/logger" "^5.4.0"

"@ethersproject/bytes@^5.4.0", "@ethersproject/bytes@^5.7.0", "@ethersproject/bytes@^5.8.0":
  version "5.8.0"
  resolved "https://registry.npmjs.org/@ethersproject/bytes/-/bytes-5.8.0.tgz#9074820e1cac7507a34372cadeb035461463be34"
  integrity sha512-vTkeohgJVCPVHu5c25XWaWQOZ4v+DkGoC42/TS2ond+PARCxTJvgTFUNDZovyQ/uAQ4EcpqqowKydcdmRKjg7A==
  dependencies:
    "@ethersproject/logger" "^5.8.0"

"@ethersproject/constants@5.4.0":
  version "5.4.0"
  resolved "https://registry.npmjs.org/@ethersproject/constants/-/constants-5.4.0.tgz#ee0bdcb30bf1b532d2353c977bf2ef1ee117958a"
  integrity sha512-tzjn6S7sj9+DIIeKTJLjK9WGN2Tj0P++Z8ONEIlZjyoTkBuODN+0VfhAyYksKi43l1Sx9tX2VlFfzjfmr5Wl3Q==
  dependencies:
    "@ethersproject/bignumber" "^5.4.0"

"@ethersproject/constants@^5.4.0", "@ethersproject/constants@^5.8.0":
  version "5.8.0"
  resolved "https://registry.npmjs.org/@ethersproject/constants/-/constants-5.8.0.tgz#12f31c2f4317b113a4c19de94e50933648c90704"
  integrity sha512-wigX4lrf5Vu+axVTIvNsuL6YrV4O5AXl5ubcURKMEME5TnWBouUh0CDTWxZ2GpnRn1kcCgE7l8O5+VbV9QTTcg==
  dependencies:
    "@ethersproject/bignumber" "^5.8.0"

"@ethersproject/contracts@5.4.0":
  version "5.4.0"
  resolved "https://registry.npmjs.org/@ethersproject/contracts/-/contracts-5.4.0.tgz#e05fe6bd33acc98741e27d553889ec5920078abb"
  integrity sha512-hkO3L3IhS1Z3ZtHtaAG/T87nQ7KiPV+/qnvutag35I0IkiQ8G3ZpCQ9NNOpSCzn4pWSW4CfzmtE02FcqnLI+hw==
  dependencies:
    "@ethersproject/abi" "^5.4.0"
    "@ethersproject/abstract-provider" "^5.4.0"
    "@ethersproject/abstract-signer" "^5.4.0"
    "@ethersproject/address" "^5.4.0"
    "@ethersproject/bignumber" "^5.4.0"
    "@ethersproject/bytes" "^5.4.0"
    "@ethersproject/constants" "^5.4.0"
    "@ethersproject/logger" "^5.4.0"
    "@ethersproject/properties" "^5.4.0"
    "@ethersproject/transactions" "^5.4.0"

"@ethersproject/hash@5.4.0":
  version "5.4.0"
  resolved "https://registry.npmjs.org/@ethersproject/hash/-/hash-5.4.0.tgz#d18a8e927e828e22860a011f39e429d388344ae0"
  integrity sha512-xymAM9tmikKgbktOCjW60Z5sdouiIIurkZUr9oW5NOex5uwxrbsYG09kb5bMcNjlVeJD3yPivTNzViIs1GCbqA==
  dependencies:
    "@ethersproject/abstract-signer" "^5.4.0"
    "@ethersproject/address" "^5.4.0"
    "@ethersproject/bignumber" "^5.4.0"
    "@ethersproject/bytes" "^5.4.0"
    "@ethersproject/keccak256" "^5.4.0"
    "@ethersproject/logger" "^5.4.0"
    "@ethersproject/properties" "^5.4.0"
    "@ethersproject/strings" "^5.4.0"

"@ethersproject/hash@^5.4.0", "@ethersproject/hash@^5.8.0":
  version "5.8.0"
  resolved "https://registry.npmjs.org/@ethersproject/hash/-/hash-5.8.0.tgz#b8893d4629b7f8462a90102572f8cd65a0192b4c"
  integrity sha512-ac/lBcTbEWW/VGJij0CNSw/wPcw9bSRgCB0AIBz8CvED/jfvDoV9hsIIiWfvWmFEi8RcXtlNwp2jv6ozWOsooA==
  dependencies:
    "@ethersproject/abstract-signer" "^5.8.0"
    "@ethersproject/address" "^5.8.0"
    "@ethersproject/base64" "^5.8.0"
    "@ethersproject/bignumber" "^5.8.0"
    "@ethersproject/bytes" "^5.8.0"
    "@ethersproject/keccak256" "^5.8.0"
    "@ethersproject/logger" "^5.8.0"
    "@ethersproject/properties" "^5.8.0"
    "@ethersproject/strings" "^5.8.0"

"@ethersproject/hdnode@5.4.0":
  version "5.4.0"
  resolved "https://registry.npmjs.org/@ethersproject/hdnode/-/hdnode-5.4.0.tgz#4bc9999b9a12eb5ce80c5faa83114a57e4107cac"
  integrity sha512-pKxdS0KAaeVGfZPp1KOiDLB0jba11tG6OP1u11QnYfb7pXn6IZx0xceqWRr6ygke8+Kw74IpOoSi7/DwANhy8Q==
  dependencies:
    "@ethersproject/abstract-signer" "^5.4.0"
    "@ethersproject/basex" "^5.4.0"
    "@ethersproject/bignumber" "^5.4.0"
    "@ethersproject/bytes" "^5.4.0"
    "@ethersproject/logger" "^5.4.0"
    "@ethersproject/pbkdf2" "^5.4.0"
    "@ethersproject/properties" "^5.4.0"
    "@ethersproject/sha2" "^5.4.0"
    "@ethersproject/signing-key" "^5.4.0"
    "@ethersproject/strings" "^5.4.0"
    "@ethersproject/transactions" "^5.4.0"
    "@ethersproject/wordlists" "^5.4.0"

"@ethersproject/hdnode@^5.4.0", "@ethersproject/hdnode@^5.8.0":
  version "5.8.0"
  resolved "https://registry.npmjs.org/@ethersproject/hdnode/-/hdnode-5.8.0.tgz#a51ae2a50bcd48ef6fd108c64cbae5e6ff34a761"
  integrity sha512-4bK1VF6E83/3/Im0ERnnUeWOY3P1BZml4ZD3wcH8Ys0/d1h1xaFt6Zc+Dh9zXf9TapGro0T4wvO71UTCp3/uoA==
  dependencies:
    "@ethersproject/abstract-signer" "^5.8.0"
    "@ethersproject/basex" "^5.8.0"
    "@ethersproject/bignumber" "^5.8.0"
    "@ethersproject/bytes" "^5.8.0"
    "@ethersproject/logger" "^5.8.0"
    "@ethersproject/pbkdf2" "^5.8.0"
    "@ethersproject/properties" "^5.8.0"
    "@ethersproject/sha2" "^5.8.0"
    "@ethersproject/signing-key" "^5.8.0"
    "@ethersproject/strings" "^5.8.0"
    "@ethersproject/transactions" "^5.8.0"
    "@ethersproject/wordlists" "^5.8.0"

"@ethersproject/json-wallets@5.4.0":
  version "5.4.0"
  resolved "https://registry.npmjs.org/@ethersproject/json-wallets/-/json-wallets-5.4.0.tgz#2583341cfe313fc9856642e8ace3080154145e95"
  integrity sha512-igWcu3fx4aiczrzEHwG1xJZo9l1cFfQOWzTqwRw/xcvxTk58q4f9M7cjh51EKphMHvrJtcezJ1gf1q1AUOfEQQ==
  dependencies:
    "@ethersproject/abstract-signer" "^5.4.0"
    "@ethersproject/address" "^5.4.0"
    "@ethersproject/bytes" "^5.4.0"
    "@ethersproject/hdnode" "^5.4.0"
    "@ethersproject/keccak256" "^5.4.0"
    "@ethersproject/logger" "^5.4.0"
    "@ethersproject/pbkdf2" "^5.4.0"
    "@ethersproject/properties" "^5.4.0"
    "@ethersproject/random" "^5.4.0"
    "@ethersproject/strings" "^5.4.0"
    "@ethersproject/transactions" "^5.4.0"
    aes-js "3.0.0"
    scrypt-js "3.0.1"

"@ethersproject/json-wallets@^5.4.0":
  version "5.8.0"
  resolved "https://registry.npmjs.org/@ethersproject/json-wallets/-/json-wallets-5.8.0.tgz#d18de0a4cf0f185f232eb3c17d5e0744d97eb8c9"
  integrity sha512-HxblNck8FVUtNxS3VTEYJAcwiKYsBIF77W15HufqlBF9gGfhmYOJtYZp8fSDZtn9y5EaXTE87zDwzxRoTFk11w==
  dependencies:
    "@ethersproject/abstract-signer" "^5.8.0"
    "@ethersproject/address" "^5.8.0"
    "@ethersproject/bytes" "^5.8.0"
    "@ethersproject/hdnode" "^5.8.0"
    "@ethersproject/keccak256" "^5.8.0"
    "@ethersproject/logger" "^5.8.0"
    "@ethersproject/pbkdf2" "^5.8.0"
    "@ethersproject/properties" "^5.8.0"
    "@ethersproject/random" "^5.8.0"
    "@ethersproject/strings" "^5.8.0"
    "@ethersproject/transactions" "^5.8.0"
    aes-js "3.0.0"
    scrypt-js "3.0.1"

"@ethersproject/keccak256@5.4.0":
  version "5.4.0"
  resolved "https://registry.npmjs.org/@ethersproject/keccak256/-/keccak256-5.4.0.tgz#7143b8eea4976080241d2bd92e3b1f1bf7025318"
  integrity sha512-FBI1plWet+dPUvAzPAeHzRKiPpETQzqSUWR1wXJGHVWi4i8bOSrpC3NwpkPjgeXG7MnugVc1B42VbfnQikyC/A==
  dependencies:
    "@ethersproject/bytes" "^5.4.0"
    js-sha3 "0.5.7"

"@ethersproject/keccak256@^5.4.0", "@ethersproject/keccak256@^5.8.0":
  version "5.8.0"
  resolved "https://registry.npmjs.org/@ethersproject/keccak256/-/keccak256-5.8.0.tgz#d2123a379567faf2d75d2aaea074ffd4df349e6a"
  integrity sha512-A1pkKLZSz8pDaQ1ftutZoaN46I6+jvuqugx5KYNeQOPqq+JZ0Txm7dlWesCHB5cndJSu5vP2VKptKf7cksERng==
  dependencies:
    "@ethersproject/bytes" "^5.8.0"
    js-sha3 "0.8.0"

"@ethersproject/logger@5.4.0":
  version "5.4.0"
  resolved "https://registry.npmjs.org/@ethersproject/logger/-/logger-5.4.0.tgz#f39adadf62ad610c420bcd156fd41270e91b3ca9"
  integrity sha512-xYdWGGQ9P2cxBayt64d8LC8aPFJk6yWCawQi/4eJ4+oJdMMjEBMrIcIMZ9AxhwpPVmnBPrsB10PcXGmGAqgUEQ==

"@ethersproject/logger@^5.4.0", "@ethersproject/logger@^5.8.0":
  version "5.8.0"
  resolved "https://registry.npmjs.org/@ethersproject/logger/-/logger-5.8.0.tgz#f0232968a4f87d29623a0481690a2732662713d6"
  integrity sha512-Qe6knGmY+zPPWTC+wQrpitodgBfH7XoceCGL5bJVejmH+yCS3R8jJm8iiWuvWbG76RUmyEG53oqv6GMVWqunjA==

"@ethersproject/networks@5.4.0":
  version "5.4.0"
  resolved "https://registry.npmjs.org/@ethersproject/networks/-/networks-5.4.0.tgz#71eecd3ef3755118b42c1a5d2a44a7e07202e10a"
  integrity sha512-5fywtKRDcnaVeA5SjxXH3DOQqe/IbeD/plwydi94SdPps1fbDUrnO6SzDExaruBZXxpxJcO9upG9UComsei4bg==
  dependencies:
    "@ethersproject/logger" "^5.4.0"

"@ethersproject/networks@^5.4.0", "@ethersproject/networks@^5.8.0":
  version "5.8.0"
  resolved "https://registry.npmjs.org/@ethersproject/networks/-/networks-5.8.0.tgz#8b4517a3139380cba9fb00b63ffad0a979671fde"
  integrity sha512-egPJh3aPVAzbHwq8DD7Po53J4OUSsA1MjQp8Vf/OZPav5rlmWUaFLiq8cvQiGK0Z5K6LYzm29+VA/p4RL1FzNg==
  dependencies:
    "@ethersproject/logger" "^5.8.0"

"@ethersproject/pbkdf2@5.4.0":
  version "5.4.0"
  resolved "https://registry.npmjs.org/@ethersproject/pbkdf2/-/pbkdf2-5.4.0.tgz#ed88782a67fda1594c22d60d0ca911a9d669641c"
  integrity sha512-x94aIv6tiA04g6BnazZSLoRXqyusawRyZWlUhKip2jvoLpzJuLb//KtMM6PEovE47pMbW+Qe1uw+68ameJjB7g==
  dependencies:
    "@ethersproject/bytes" "^5.4.0"
    "@ethersproject/sha2" "^5.4.0"

"@ethersproject/pbkdf2@^5.4.0", "@ethersproject/pbkdf2@^5.8.0":
  version "5.8.0"
  resolved "https://registry.npmjs.org/@ethersproject/pbkdf2/-/pbkdf2-5.8.0.tgz#cd2621130e5dd51f6a0172e63a6e4a0c0a0ec37e"
  integrity sha512-wuHiv97BrzCmfEaPbUFpMjlVg/IDkZThp9Ri88BpjRleg4iePJaj2SW8AIyE8cXn5V1tuAaMj6lzvsGJkGWskg==
  dependencies:
    "@ethersproject/bytes" "^5.8.0"
    "@ethersproject/sha2" "^5.8.0"

"@ethersproject/properties@5.4.0":
  version "5.4.0"
  resolved "https://registry.npmjs.org/@ethersproject/properties/-/properties-5.4.0.tgz#38ba20539b44dcc5d5f80c45ad902017dcdbefe7"
  integrity sha512-7jczalGVRAJ+XSRvNA6D5sAwT4gavLq3OXPuV/74o3Rd2wuzSL035IMpIMgei4CYyBdialJMrTqkOnzccLHn4A==
  dependencies:
    "@ethersproject/logger" "^5.4.0"

"@ethersproject/properties@^5.4.0", "@ethersproject/properties@^5.8.0":
  version "5.8.0"
  resolved "https://registry.npmjs.org/@ethersproject/properties/-/properties-5.8.0.tgz#405a8affb6311a49a91dabd96aeeae24f477020e"
  integrity sha512-PYuiEoQ+FMaZZNGrStmN7+lWjlsoufGIHdww7454FIaGdbe/p5rnaCXTr5MtBYl3NkeoVhHZuyzChPeGeKIpQw==
  dependencies:
    "@ethersproject/logger" "^5.8.0"

"@ethersproject/providers@5.4.0":
  version "5.4.0"
  resolved "https://registry.npmjs.org/@ethersproject/providers/-/providers-5.4.0.tgz#1b9eeaf394d790a662ec66373d7219c82f4433f2"
  integrity sha512-XRmI9syLnkNdLA8ikEeg0duxmwSWTTt9S+xabnTOyI51JPJyhQ0QUNT+wvmod218ebb7rLupHDPQ7UVe2/+Tjg==
  dependencies:
    "@ethersproject/abstract-provider" "^5.4.0"
    "@ethersproject/abstract-signer" "^5.4.0"
    "@ethersproject/address" "^5.4.0"
    "@ethersproject/basex" "^5.4.0"
    "@ethersproject/bignumber" "^5.4.0"
    "@ethersproject/bytes" "^5.4.0"
    "@ethersproject/constants" "^5.4.0"
    "@ethersproject/hash" "^5.4.0"
    "@ethersproject/logger" "^5.4.0"
    "@ethersproject/networks" "^5.4.0"
    "@ethersproject/properties" "^5.4.0"
    "@ethersproject/random" "^5.4.0"
    "@ethersproject/rlp" "^5.4.0"
    "@ethersproject/sha2" "^5.4.0"
    "@ethersproject/strings" "^5.4.0"
    "@ethersproject/transactions" "^5.4.0"
    "@ethersproject/web" "^5.4.0"
    bech32 "1.1.4"
    ws "7.4.6"

"@ethersproject/random@5.4.0":
  version "5.4.0"
  resolved "https://registry.npmjs.org/@ethersproject/random/-/random-5.4.0.tgz#9cdde60e160d024be39cc16f8de3b9ce39191e16"
  integrity sha512-pnpWNQlf0VAZDEOVp1rsYQosmv2o0ITS/PecNw+mS2/btF8eYdspkN0vIXrCMtkX09EAh9bdk8GoXmFXM1eAKw==
  dependencies:
    "@ethersproject/bytes" "^5.4.0"
    "@ethersproject/logger" "^5.4.0"

"@ethersproject/random@^5.4.0", "@ethersproject/random@^5.8.0":
  version "5.8.0"
  resolved "https://registry.npmjs.org/@ethersproject/random/-/random-5.8.0.tgz#1bced04d49449f37c6437c701735a1a022f0057a"
  integrity sha512-E4I5TDl7SVqyg4/kkA/qTfuLWAQGXmSOgYyO01So8hLfwgKvYK5snIlzxJMk72IFdG/7oh8yuSqY2KX7MMwg+A==
  dependencies:
    "@ethersproject/bytes" "^5.8.0"
    "@ethersproject/logger" "^5.8.0"

"@ethersproject/rlp@5.4.0":
  version "5.4.0"
  resolved "https://registry.npmjs.org/@ethersproject/rlp/-/rlp-5.4.0.tgz#de61afda5ff979454e76d3b3310a6c32ad060931"
  integrity sha512-0I7MZKfi+T5+G8atId9QaQKHRvvasM/kqLyAH4XxBCBchAooH2EX5rL9kYZWwcm3awYV+XC7VF6nLhfeQFKVPg==
  dependencies:
    "@ethersproject/bytes" "^5.4.0"
    "@ethersproject/logger" "^5.4.0"

"@ethersproject/rlp@^5.4.0", "@ethersproject/rlp@^5.8.0":
  version "5.8.0"
  resolved "https://registry.npmjs.org/@ethersproject/rlp/-/rlp-5.8.0.tgz#5a0d49f61bc53e051532a5179472779141451de5"
  integrity sha512-LqZgAznqDbiEunaUvykH2JAoXTT9NV0Atqk8rQN9nx9SEgThA/WMx5DnW8a9FOufo//6FZOCHZ+XiClzgbqV9Q==
  dependencies:
    "@ethersproject/bytes" "^5.8.0"
    "@ethersproject/logger" "^5.8.0"

"@ethersproject/sha2@5.4.0":
  version "5.4.0"
  resolved "https://registry.npmjs.org/@ethersproject/sha2/-/sha2-5.4.0.tgz#c9a8db1037014cbc4e9482bd662f86c090440371"
  integrity sha512-siheo36r1WD7Cy+bDdE1BJ8y0bDtqXCOxRMzPa4bV1TGt/eTUUt03BHoJNB6reWJD8A30E/pdJ8WFkq+/uz4Gg==
  dependencies:
    "@ethersproject/bytes" "^5.4.0"
    "@ethersproject/logger" "^5.4.0"
    hash.js "1.1.7"

"@ethersproject/sha2@^5.4.0", "@ethersproject/sha2@^5.8.0":
  version "5.8.0"
  resolved "https://registry.npmjs.org/@ethersproject/sha2/-/sha2-5.8.0.tgz#8954a613bb78dac9b46829c0a95de561ef74e5e1"
  integrity sha512-dDOUrXr9wF/YFltgTBYS0tKslPEKr6AekjqDW2dbn1L1xmjGR+9GiKu4ajxovnrDbwxAKdHjW8jNcwfz8PAz4A==
  dependencies:
    "@ethersproject/bytes" "^5.8.0"
    "@ethersproject/logger" "^5.8.0"
    hash.js "1.1.7"

"@ethersproject/signing-key@5.4.0":
  version "5.4.0"
  resolved "https://registry.npmjs.org/@ethersproject/signing-key/-/signing-key-5.4.0.tgz#2f05120984e81cf89a3d5f6dec5c68ee0894fbec"
  integrity sha512-q8POUeywx6AKg2/jX9qBYZIAmKSB4ubGXdQ88l40hmATj29JnG5pp331nAWwwxPn2Qao4JpWHNZsQN+bPiSW9A==
  dependencies:
    "@ethersproject/bytes" "^5.4.0"
    "@ethersproject/logger" "^5.4.0"
    "@ethersproject/properties" "^5.4.0"
    bn.js "^4.11.9"
    elliptic "6.5.4"
    hash.js "1.1.7"

"@ethersproject/signing-key@^5.4.0", "@ethersproject/signing-key@^5.8.0":
  version "5.8.0"
  resolved "https://registry.npmjs.org/@ethersproject/signing-key/-/signing-key-5.8.0.tgz#9797e02c717b68239c6349394ea85febf8893119"
  integrity sha512-LrPW2ZxoigFi6U6aVkFN/fa9Yx/+4AtIUe4/HACTvKJdhm0eeb107EVCIQcrLZkxaSIgc/eCrX8Q1GtbH+9n3w==
  dependencies:
    "@ethersproject/bytes" "^5.8.0"
    "@ethersproject/logger" "^5.8.0"
    "@ethersproject/properties" "^5.8.0"
    bn.js "^5.2.1"
    elliptic "6.6.1"
    hash.js "1.1.7"

"@ethersproject/solidity@5.4.0":
  version "5.4.0"
  resolved "https://registry.npmjs.org/@ethersproject/solidity/-/solidity-5.4.0.tgz#1305e058ea02dc4891df18b33232b11a14ece9ec"
  integrity sha512-XFQTZ7wFSHOhHcV1DpcWj7VXECEiSrBuv7JErJvB9Uo+KfCdc3QtUZV+Vjh/AAaYgezUEKbCtE6Khjm44seevQ==
  dependencies:
    "@ethersproject/bignumber" "^5.4.0"
    "@ethersproject/bytes" "^5.4.0"
    "@ethersproject/keccak256" "^5.4.0"
    "@ethersproject/sha2" "^5.4.0"
    "@ethersproject/strings" "^5.4.0"

"@ethersproject/strings@5.4.0":
  version "5.4.0"
  resolved "https://registry.npmjs.org/@ethersproject/strings/-/strings-5.4.0.tgz#fb12270132dd84b02906a8d895ae7e7fa3d07d9a"
  integrity sha512-k/9DkH5UGDhv7aReXLluFG5ExurwtIpUfnDNhQA29w896Dw3i4uDTz01Quaptbks1Uj9kI8wo9tmW73wcIEaWA==
  dependencies:
    "@ethersproject/bytes" "^5.4.0"
    "@ethersproject/constants" "^5.4.0"
    "@ethersproject/logger" "^5.4.0"

"@ethersproject/strings@^5.4.0", "@ethersproject/strings@^5.8.0":
  version "5.8.0"
  resolved "https://registry.npmjs.org/@ethersproject/strings/-/strings-5.8.0.tgz#ad79fafbf0bd272d9765603215ac74fd7953908f"
  integrity sha512-qWEAk0MAvl0LszjdfnZ2uC8xbR2wdv4cDabyHiBh3Cldq/T8dPH3V4BbBsAYJUeonwD+8afVXld274Ls+Y1xXg==
  dependencies:
    "@ethersproject/bytes" "^5.8.0"
    "@ethersproject/constants" "^5.8.0"
    "@ethersproject/logger" "^5.8.0"

"@ethersproject/transactions@5.4.0":
  version "5.4.0"
  resolved "https://registry.npmjs.org/@ethersproject/transactions/-/transactions-5.4.0.tgz#a159d035179334bd92f340ce0f77e83e9e1522e0"
  integrity sha512-s3EjZZt7xa4BkLknJZ98QGoIza94rVjaEed0rzZ/jB9WrIuu/1+tjvYCWzVrystXtDswy7TPBeIepyXwSYa4WQ==
  dependencies:
    "@ethersproject/address" "^5.4.0"
    "@ethersproject/bignumber" "^5.4.0"
    "@ethersproject/bytes" "^5.4.0"
    "@ethersproject/constants" "^5.4.0"
    "@ethersproject/keccak256" "^5.4.0"
    "@ethersproject/logger" "^5.4.0"
    "@ethersproject/properties" "^5.4.0"
    "@ethersproject/rlp" "^5.4.0"
    "@ethersproject/signing-key" "^5.4.0"

"@ethersproject/transactions@^5.4.0", "@ethersproject/transactions@^5.8.0":
  version "5.8.0"
  resolved "https://registry.npmjs.org/@ethersproject/transactions/-/transactions-5.8.0.tgz#1e518822403abc99def5a043d1c6f6fe0007e46b"
  integrity sha512-UglxSDjByHG0TuU17bDfCemZ3AnKO2vYrL5/2n2oXvKzvb7Cz+W9gOWXKARjp2URVwcWlQlPOEQyAviKwT4AHg==
  dependencies:
    "@ethersproject/address" "^5.8.0"
    "@ethersproject/bignumber" "^5.8.0"
    "@ethersproject/bytes" "^5.8.0"
    "@ethersproject/constants" "^5.8.0"
    "@ethersproject/keccak256" "^5.8.0"
    "@ethersproject/logger" "^5.8.0"
    "@ethersproject/properties" "^5.8.0"
    "@ethersproject/rlp" "^5.8.0"
    "@ethersproject/signing-key" "^5.8.0"

"@ethersproject/units@5.4.0":
  version "5.4.0"
  resolved "https://registry.npmjs.org/@ethersproject/units/-/units-5.4.0.tgz#d57477a4498b14b88b10396062c8cbbaf20c79fe"
  integrity sha512-Z88krX40KCp+JqPCP5oPv5p750g+uU6gopDYRTBGcDvOASh6qhiEYCRatuM/suC4S2XW9Zz90QI35MfSrTIaFg==
  dependencies:
    "@ethersproject/bignumber" "^5.4.0"
    "@ethersproject/constants" "^5.4.0"
    "@ethersproject/logger" "^5.4.0"

"@ethersproject/wallet@5.4.0":
  version "5.4.0"
  resolved "https://registry.npmjs.org/@ethersproject/wallet/-/wallet-5.4.0.tgz#fa5b59830b42e9be56eadd45a16a2e0933ad9353"
  integrity sha512-wU29majLjM6AjCjpat21mPPviG+EpK7wY1+jzKD0fg3ui5fgedf2zEu1RDgpfIMsfn8fJHJuzM4zXZ2+hSHaSQ==
  dependencies:
    "@ethersproject/abstract-provider" "^5.4.0"
    "@ethersproject/abstract-signer" "^5.4.0"
    "@ethersproject/address" "^5.4.0"
    "@ethersproject/bignumber" "^5.4.0"
    "@ethersproject/bytes" "^5.4.0"
    "@ethersproject/hash" "^5.4.0"
    "@ethersproject/hdnode" "^5.4.0"
    "@ethersproject/json-wallets" "^5.4.0"
    "@ethersproject/keccak256" "^5.4.0"
    "@ethersproject/logger" "^5.4.0"
    "@ethersproject/properties" "^5.4.0"
    "@ethersproject/random" "^5.4.0"
    "@ethersproject/signing-key" "^5.4.0"
    "@ethersproject/transactions" "^5.4.0"
    "@ethersproject/wordlists" "^5.4.0"

"@ethersproject/web@5.4.0":
  version "5.4.0"
  resolved "https://registry.npmjs.org/@ethersproject/web/-/web-5.4.0.tgz#49fac173b96992334ed36a175538ba07a7413d1f"
  integrity sha512-1bUusGmcoRLYgMn6c1BLk1tOKUIFuTg8j+6N8lYlbMpDesnle+i3pGSagGNvwjaiLo4Y5gBibwctpPRmjrh4Og==
  dependencies:
    "@ethersproject/base64" "^5.4.0"
    "@ethersproject/bytes" "^5.4.0"
    "@ethersproject/logger" "^5.4.0"
    "@ethersproject/properties" "^5.4.0"
    "@ethersproject/strings" "^5.4.0"

"@ethersproject/web@^5.4.0", "@ethersproject/web@^5.8.0":
  version "5.8.0"
  resolved "https://registry.npmjs.org/@ethersproject/web/-/web-5.8.0.tgz#3e54badc0013b7a801463a7008a87988efce8a37"
  integrity sha512-j7+Ksi/9KfGviws6Qtf9Q7KCqRhpwrYKQPs+JBA/rKVFF/yaWLHJEH3zfVP2plVu+eys0d2DlFmhoQJayFewcw==
  dependencies:
    "@ethersproject/base64" "^5.8.0"
    "@ethersproject/bytes" "^5.8.0"
    "@ethersproject/logger" "^5.8.0"
    "@ethersproject/properties" "^5.8.0"
    "@ethersproject/strings" "^5.8.0"

"@ethersproject/wordlists@5.4.0":
  version "5.4.0"
  resolved "https://registry.npmjs.org/@ethersproject/wordlists/-/wordlists-5.4.0.tgz#f34205ec3bbc9e2c49cadaee774cf0b07e7573d7"
  integrity sha512-FemEkf6a+EBKEPxlzeVgUaVSodU7G0Na89jqKjmWMlDB0tomoU8RlEMgUvXyqtrg8N4cwpLh8nyRnm1Nay1isA==
  dependencies:
    "@ethersproject/bytes" "^5.4.0"
    "@ethersproject/hash" "^5.4.0"
    "@ethersproject/logger" "^5.4.0"
    "@ethersproject/properties" "^5.4.0"
    "@ethersproject/strings" "^5.4.0"

"@ethersproject/wordlists@^5.4.0", "@ethersproject/wordlists@^5.8.0":
  version "5.8.0"
  resolved "https://registry.npmjs.org/@ethersproject/wordlists/-/wordlists-5.8.0.tgz#7a5654ee8d1bb1f4dbe43f91d217356d650ad821"
  integrity sha512-2df9bbXicZws2Sb5S6ET493uJ0Z84Fjr3pC4tu/qlnZERibZCeUVuqdtt+7Tv9xxhUxHoIekIA7avrKUWHrezg==
  dependencies:
    "@ethersproject/bytes" "^5.8.0"
    "@ethersproject/hash" "^5.8.0"
    "@ethersproject/logger" "^5.8.0"
    "@ethersproject/properties" "^5.8.0"
    "@ethersproject/strings" "^5.8.0"

"@graphql-typed-document-node/core@^3.2.0":
  version "3.2.0"
  resolved "https://registry.npmjs.org/@graphql-typed-document-node/core/-/core-3.2.0.tgz#5f3d96ec6b2354ad6d8a28bf216a1d97b5426861"
  integrity sha512-mB9oAsNCm9aM3/SOv4YtBMqZbYj10R7dkq8byBqxGY/ncFwhf2oQzMV+LCRlWoDSEBJ3COiR1yeDvMtsoOsuFQ==

"@lidofinance/lido-ethereum-sdk@^4.2.0":
  version "4.3.0"
  resolved "https://registry.npmjs.org/@lidofinance/lido-ethereum-sdk/-/lido-ethereum-sdk-4.3.0.tgz#bcdad6ead5c31b36c1990c14286495977bef54b3"
  integrity sha512-jsxFxMtjQ2tePY/A/UYWa2uqPEQwl+hJRCk4aYpGxef6M9yLpnpf4S/S6SGyBrA+4cL2R0COad6C0UMxf1DaSA==
  dependencies:
    "@ethersproject/bytes" "^5.7.0"
    graphql "^16.8.1"
    graphql-request "^6.1.0"

"@noble/curves@1.2.0":
  version "1.2.0"
  resolved "https://registry.npmjs.org/@noble/curves/-/curves-1.2.0.tgz#92d7e12e4e49b23105a2555c6984d41733d65c35"
  integrity sha512-oYclrNgRaM9SsBUBVbb8M6DTV7ZHRTKugureoYEncY5c65HOmRzvSiTE3y5CYaPYJA/GVkrhXEoF0M3Ya9PMnw==
  dependencies:
    "@noble/hashes" "1.3.2"

"@noble/curves@1.8.1", "@noble/curves@^1.6.0", "@noble/curves@~1.8.1":
  version "1.8.1"
  resolved "https://registry.npmjs.org/@noble/curves/-/curves-1.8.1.tgz#19bc3970e205c99e4bdb1c64a4785706bce497ff"
  integrity sha512-warwspo+UYUPep0Q+vtdVB4Ugn8GGQj8iyB3gnRWsztmUHTI3S1nhdiWNsPUGL0vud7JlRRk1XEu7Lq1KGTnMQ==
  dependencies:
    "@noble/hashes" "1.7.1"

"@noble/hashes@1.3.2":
  version "1.3.2"
  resolved "https://registry.npmjs.org/@noble/hashes/-/hashes-1.3.2.tgz#6f26dbc8fbc7205873ce3cee2f690eba0d421b39"
  integrity sha512-MVC8EAQp7MvEcm30KWENFjgR+Mkmf+D189XJTkFIlwohU5hcBbn1ZkKq7KVTi2Hme3PMGF390DaL52beVrIihQ==

"@noble/hashes@1.7.1", "@noble/hashes@^1.5.0", "@noble/hashes@~1.7.1":
  version "1.7.1"
  resolved "https://registry.npmjs.org/@noble/hashes/-/hashes-1.7.1.tgz#5738f6d765710921e7a751e00c20ae091ed8db0f"
  integrity sha512-B8XBPsn4vT/KJAGqDzbwztd+6Yte3P4V7iafm24bxgDe/mlRuK6xmWPuCNrKt2vDafZ8MfJLlchDG/vYafQEjQ==

"@opensea/seaport-js@^4.0.0":
  version "4.0.4"
  resolved "https://registry.npmjs.org/@opensea/seaport-js/-/seaport-js-4.0.4.tgz#8ca43bfb43bd7fcd6d34fa6235204ea8721335e9"
  integrity sha512-pOBgU+y1H9Bh463ZdgFshFBxnBQvEaGfoOJFDHbkvZTNLSqIOyuDmICFTQJEiPjYsS6tMQTbw2oJBtcVLFUT2g==
  dependencies:
    ethers "^6.9.0"
    merkletreejs "^0.4.0"

"@scure/base@~1.2.2", "@scure/base@~1.2.4":
  version "1.2.4"
  resolved "https://registry.npmjs.org/@scure/base/-/base-1.2.4.tgz#002eb571a35d69bdb4c214d0995dff76a8dcd2a9"
  integrity sha512-5Yy9czTO47mqz+/J8GM6GIId4umdCk1wc1q8rKERQulIoc8VP9pzDcghv10Tl2E7R96ZUx/PhND3ESYUQX8NuQ==

"@scure/bip32@1.6.2", "@scure/bip32@^1.5.0":
  version "1.6.2"
  resolved "https://registry.npmjs.org/@scure/bip32/-/bip32-1.6.2.tgz#093caa94961619927659ed0e711a6e4bf35bffd0"
  integrity sha512-t96EPDMbtGgtb7onKKqxRLfE5g05k7uHnHRM2xdE6BP/ZmxaLtPek4J4KfVn/90IQNrU1IOAqMgiDtUdtbe3nw==
  dependencies:
    "@noble/curves" "~1.8.1"
    "@noble/hashes" "~1.7.1"
    "@scure/base" "~1.2.2"

"@scure/bip39@1.5.4", "@scure/bip39@^1.4.0":
  version "1.5.4"
  resolved "https://registry.npmjs.org/@scure/bip39/-/bip39-1.5.4.tgz#07fd920423aa671be4540d59bdd344cc1461db51"
  integrity sha512-TFM4ni0vKvCfBpohoh+/lY05i9gRbSwXWngAsF4CABQxoaOHijxuaZ2R6cStDQ5CHtHO9aGJTr4ksVJASRRyMA==
  dependencies:
    "@noble/hashes" "~1.7.1"
    "@scure/base" "~1.2.4"

"@types/node@22.7.5":
  version "22.7.5"
  resolved "https://registry.npmjs.org/@types/node/-/node-22.7.5.tgz#cfde981727a7ab3611a481510b473ae54442b92b"
  integrity sha512-jML7s2NAzMWc//QSJ1a3prpk78cOPchGvXJsC3C6R6PSMoooztvRVQEz89gmBTBY1SPMaqo5teB4uNHPdetShQ==
  dependencies:
    undici-types "~6.19.2"

abitype@1.0.8, abitype@^1.0.6:
  version "1.0.8"
  resolved "https://registry.npmjs.org/abitype/-/abitype-1.0.8.tgz#3554f28b2e9d6e9f35eb59878193eabd1b9f46ba"
  integrity sha512-ZeiI6h3GnW06uYDLx0etQtX/p8E24UaHHBj57RSjK7YBFe7iuVn07EDpOeP451D06sF27VOz9JJPlIKJmXgkEg==

aes-js@3.0.0:
  version "3.0.0"
  resolved "https://registry.npmjs.org/aes-js/-/aes-js-3.0.0.tgz#e21df10ad6c2053295bcbb8dab40b09dbea87e4d"
  integrity sha512-H7wUZRn8WpTq9jocdxQ2c8x2sKo9ZVmzfRE13GiNJXfp7NcKYEdvl3vspKjXox6RIG2VtaRe4JFvxG4rqp2Zuw==

aes-js@4.0.0-beta.5:
  version "4.0.0-beta.5"
  resolved "https://registry.npmjs.org/aes-js/-/aes-js-4.0.0-beta.5.tgz#8d2452c52adedebc3a3e28465d858c11ca315873"
  integrity sha512-G965FqalsNyrPqgEGON7nIx1e/OVENSgiEIzyC63haUMuvNnwIgIjMs52hlTCKhkBny7A2ORNlfY9Zu+jmGk1Q==

bech32@1.1.4:
  version "1.1.4"
  resolved "https://registry.npmjs.org/bech32/-/bech32-1.1.4.tgz#e38c9f37bf179b8eb16ae3a772b40c356d4832e9"
  integrity sha512-s0IrSOzLlbvX7yp4WBfPITzpAU8sqQcpsmwXDiKwrG4r491vwCO/XpejasRNl0piBMe/DvP4Tz0mIS/X1DPJBQ==

bn.js@^4.11.9:
  version "4.12.1"
  resolved "https://registry.npmjs.org/bn.js/-/bn.js-4.12.1.tgz#215741fe3c9dba2d7e12c001d0cfdbae43975ba7"
  integrity sha512-k8TVBiPkPJT9uHLdOKfFpqcfprwBFOAAXXozRubr7R7PfIuKvQlzcI4M0pALeqXN09vdaMbUdUj+pass+uULAg==

bn.js@^5.2.1:
  version "5.2.1"
  resolved "https://registry.npmjs.org/bn.js/-/bn.js-5.2.1.tgz#0bc527a6a0d18d0aa8d5b0538ce4a77dccfa7b70"
  integrity sha512-eXRvHzWyYPBuB4NBy0cmYQjGitUrtqwbvlzP3G6VFnNRbsZQIxQ10PbKKHt8gZ/HW/D/747aDl+QkDqg3KQLMQ==

brorand@^1.1.0:
  version "1.1.0"
  resolved "https://registry.npmjs.org/brorand/-/brorand-1.1.0.tgz#12c25efe40a45e3c323eb8675a0a0ce57b22371f"
  integrity sha512-cKV8tMCEpQs4hK/ik71d6LrPOnpkpGBR0wzxqr68g2m/LB2GxVYQroAjMJZRVM1Y4BCjCKc3vAamxSzOY2RP+w==

buffer-reverse@^1.0.1:
  version "1.0.1"
  resolved "https://registry.npmjs.org/buffer-reverse/-/buffer-reverse-1.0.1.tgz#49283c8efa6f901bc01fa3304d06027971ae2f60"
  integrity sha512-M87YIUBsZ6N924W57vDwT/aOu8hw7ZgdByz6ijksLjmHJELBASmYTTlNHRgjE+pTsT9oJXGaDSgqqwfdHotDUg==

cross-fetch@^3.1.5:
  version "3.2.0"
  resolved "https://registry.npmjs.org/cross-fetch/-/cross-fetch-3.2.0.tgz#34e9192f53bc757d6614304d9e5e6fb4edb782e3"
  integrity sha512-Q+xVJLoGOeIMXZmbUK4HYk+69cQH6LudR0Vu/pRm2YlU/hDV9CiS0gKUMaWY5f2NeUH9C1nV3bsTlCo0FsTV1Q==
  dependencies:
    node-fetch "^2.7.0"

crypto-js@^4.2.0:
  version "4.2.0"
  resolved "https://registry.npmjs.org/crypto-js/-/crypto-js-4.2.0.tgz#4d931639ecdfd12ff80e8186dba6af2c2e856631"
  integrity sha512-KALDyEYgpY+Rlob/iriUtjV6d5Eq+Y191A5g4UqLAi8CyGP9N1+FdVbkc1SxKc2r4YAYqG8JzO2KGL+AizD70Q==

dayjs@^1.11.13:
  version "1.11.13"
  resolved "https://registry.npmjs.org/dayjs/-/dayjs-1.11.13.tgz#92430b0139055c3ebb60150aa13e860a4b5a366c"
  integrity sha512-oaMBel6gjolK862uaPQOVTA7q3TZhuSvuMQAAglQDOWYO9A91IrAOUJEyKVlqJlHE0vq5p5UXxzdPfMH/x6xNg==

elliptic@6.5.4:
  version "6.5.4"
  resolved "https://registry.npmjs.org/elliptic/-/elliptic-6.5.4.tgz#da37cebd31e79a1367e941b592ed1fbebd58abbb"
  integrity sha512-iLhC6ULemrljPZb+QutR5TQGB+pdW6KGD5RSegS+8sorOZT+rdQFbsQFJgvN3eRqNALqJer4oQ16YvJHlU8hzQ==
  dependencies:
    bn.js "^4.11.9"
    brorand "^1.1.0"
    hash.js "^1.0.0"
    hmac-drbg "^1.0.1"
    inherits "^2.0.4"
    minimalistic-assert "^1.0.1"
    minimalistic-crypto-utils "^1.0.1"

elliptic@6.6.1:
  version "6.6.1"
  resolved "https://registry.npmjs.org/elliptic/-/elliptic-6.6.1.tgz#3b8ffb02670bf69e382c7f65bf524c97c5405c06"
  integrity sha512-RaddvvMatK2LJHqFJ+YA4WysVN5Ita9E35botqIYspQ4TkRAlCicdzKOjlyv/1Za5RyTNn7di//eEV0uTAfe3g==
  dependencies:
    bn.js "^4.11.9"
    brorand "^1.1.0"
    hash.js "^1.0.0"
    hmac-drbg "^1.0.1"
    inherits "^2.0.4"
    minimalistic-assert "^1.0.1"
    minimalistic-crypto-utils "^1.0.1"

"ethers5@npm:ethers@5.4.0":
  version "5.4.0"
  resolved "https://registry.npmjs.org/ethers/-/ethers-5.4.0.tgz#e9fe4b39350bcce5edd410c70bd57ba328ecf474"
  integrity sha512-hqN1x0CV8VMpQ25WnNEjaMqtB3nA4DRAb2FSmmNaUbD1dF6kWbHs8YaXbVvD37FCg3GTEyc4rV9Pxafk1ByHKw==
  dependencies:
    "@ethersproject/abi" "5.4.0"
    "@ethersproject/abstract-provider" "5.4.0"
    "@ethersproject/abstract-signer" "5.4.0"
    "@ethersproject/address" "5.4.0"
    "@ethersproject/base64" "5.4.0"
    "@ethersproject/basex" "5.4.0"
    "@ethersproject/bignumber" "5.4.0"
    "@ethersproject/bytes" "5.4.0"
    "@ethersproject/constants" "5.4.0"
    "@ethersproject/contracts" "5.4.0"
    "@ethersproject/hash" "5.4.0"
    "@ethersproject/hdnode" "5.4.0"
    "@ethersproject/json-wallets" "5.4.0"
    "@ethersproject/keccak256" "5.4.0"
    "@ethersproject/logger" "5.4.0"
    "@ethersproject/networks" "5.4.0"
    "@ethersproject/pbkdf2" "5.4.0"
    "@ethersproject/properties" "5.4.0"
    "@ethersproject/providers" "5.4.0"
    "@ethersproject/random" "5.4.0"
    "@ethersproject/rlp" "5.4.0"
    "@ethersproject/sha2" "5.4.0"
    "@ethersproject/signing-key" "5.4.0"
    "@ethersproject/solidity" "5.4.0"
    "@ethersproject/strings" "5.4.0"
    "@ethersproject/transactions" "5.4.0"
    "@ethersproject/units" "5.4.0"
    "@ethersproject/wallet" "5.4.0"
    "@ethersproject/web" "5.4.0"
    "@ethersproject/wordlists" "5.4.0"

ethers@^6.9.0, ethers@^6.9.2:
  version "6.13.5"
  resolved "https://registry.npmjs.org/ethers/-/ethers-6.13.5.tgz#8c1d6ac988ac08abc3c1d8fabbd4b8b602851ac4"
  integrity sha512-+knKNieu5EKRThQJWwqaJ10a6HE9sSehGeqWN65//wE7j47ZpFhKAnHB/JJFibwwg61I/koxaPsXbXpD/skNOQ==
  dependencies:
    "@adraffy/ens-normalize" "1.10.1"
    "@noble/curves" "1.2.0"
    "@noble/hashes" "1.3.2"
    "@types/node" "22.7.5"
    aes-js "4.0.0-beta.5"
    tslib "2.7.0"
    ws "8.17.1"

eventemitter3@5.0.1:
  version "5.0.1"
  resolved "https://registry.npmjs.org/eventemitter3/-/eventemitter3-5.0.1.tgz#53f5ffd0a492ac800721bb42c66b841de96423c4"
  integrity sha512-GWkBvjiSZK87ELrYOSESUYeVIc9mvLLf/nXalMOS5dYrgZq9o5OVkbZAVM06CVxYsCwH9BDZFPlQTlPA1j4ahA==

graphql-request@^6.1.0:
  version "6.1.0"
  resolved "https://registry.npmjs.org/graphql-request/-/graphql-request-6.1.0.tgz#f4eb2107967af3c7a5907eb3131c671eac89be4f"
  integrity sha512-p+XPfS4q7aIpKVcgmnZKhMNqhltk20hfXtkaIkTfjjmiKMJ5xrt5c743cL03y/K7y1rg3WrIC49xGiEQ4mxdNw==
  dependencies:
    "@graphql-typed-document-node/core" "^3.2.0"
    cross-fetch "^3.1.5"

graphql@^16.8.1:
  version "16.10.0"
  resolved "https://registry.npmjs.org/graphql/-/graphql-16.10.0.tgz#24c01ae0af6b11ea87bf55694429198aaa8e220c"
  integrity sha512-AjqGKbDGUFRKIRCP9tCKiIGHyriz2oHEbPIbEtcSLSs4YjReZOIPQQWek4+6hjw62H9QShXHyaGivGiYVLeYFQ==

hash.js@1.1.7, hash.js@^1.0.0, hash.js@^1.0.3:
  version "1.1.7"
  resolved "https://registry.npmjs.org/hash.js/-/hash.js-1.1.7.tgz#0babca538e8d4ee4a0f8988d68866537a003cf42"
  integrity sha512-taOaskGt4z4SOANNseOviYDvjEJinIkRgmp7LbKP2YTTmVxWBl87s/uzK9r+44BclBSp2X7K1hqeNfz9JbBeXA==
  dependencies:
    inherits "^2.0.3"
    minimalistic-assert "^1.0.1"

hmac-drbg@^1.0.1:
  version "1.0.1"
  resolved "https://registry.npmjs.org/hmac-drbg/-/hmac-drbg-1.0.1.tgz#d2745701025a6c775a6c545793ed502fc0c649a1"
  integrity sha512-Tti3gMqLdZfhOQY1Mzf/AanLiqh1WTiJgEj26ZuYQ9fbkLomzGchCws4FyrSd4VkpBfiNhaE1On+lOz894jvXg==
  dependencies:
    hash.js "^1.0.3"
    minimalistic-assert "^1.0.0"
    minimalistic-crypto-utils "^1.0.1"

inherits@^2.0.3, inherits@^2.0.4:
  version "2.0.4"
  resolved "https://registry.npmjs.org/inherits/-/inherits-2.0.4.tgz#0fa2c64f932917c3433a0ded55363aae37416b7c"
  integrity sha512-k/vGaX4/Yla3WzyMCvTQOXYeIHvqOKtnqBduzTHpzpQZzAskKMhZ2K+EnBiSM9zGSoIFeMpXKxa4dYeZIQqewQ==

isomorphic-unfetch@^3.1.0:
  version "3.1.0"
  resolved "https://registry.npmjs.org/isomorphic-unfetch/-/isomorphic-unfetch-3.1.0.tgz#87341d5f4f7b63843d468438128cb087b7c3e98f"
  integrity sha512-geDJjpoZ8N0kWexiwkX8F9NkTsXhetLPVbZFQ+JTW239QNOwvB0gniuR1Wc6f0AMTn7/mFGyXvHTifrCp/GH8Q==
  dependencies:
    node-fetch "^2.6.1"
    unfetch "^4.2.0"

isows@1.0.6:
  version "1.0.6"
  resolved "https://registry.npmjs.org/isows/-/isows-1.0.6.tgz#0da29d706fa51551c663c627ace42769850f86e7"
  integrity sha512-lPHCayd40oW98/I0uvgaHKWCSvkzY27LjWLbtzOm64yQ+G3Q5npjjbdppU65iZXkK1Zt+kH9pfegli0AYfwYYw==

js-sha3@0.5.7:
  version "0.5.7"
  resolved "https://registry.npmjs.org/js-sha3/-/js-sha3-0.5.7.tgz#0d4ffd8002d5333aabaf4a23eed2f6374c9f28e7"
  integrity sha512-GII20kjaPX0zJ8wzkTbNDYMY7msuZcTWk8S5UOh6806Jq/wz1J8/bnr8uGU0DAUmYDjj2Mr4X1cW8v/GLYnR+g==

js-sha3@0.8.0:
  version "0.8.0"
  resolved "https://registry.npmjs.org/js-sha3/-/js-sha3-0.8.0.tgz#b9b7a5da73afad7dedd0f8c463954cbde6818840"
  integrity sha512-gF1cRrHhIzNfToc802P800N8PpXS+evLLXfsVpowqmAFR9uwbi89WvXg2QspOmXL8QL86J4T1EpFu+yUkwJY3Q==

merkletreejs@^0.4.0:
  version "0.4.1"
  resolved "https://registry.npmjs.org/merkletreejs/-/merkletreejs-0.4.1.tgz#a77a0c3d16adec71a09ef7e5b7e055dde29d30e1"
  integrity sha512-W2VSHeGTdAnWtedee+pgGn7SHvncMdINnMeHAaXrfarSaMNLff/pm7RCr/QXYxN6XzJFgJZY+28ejO0lAosW4A==
  dependencies:
    buffer-reverse "^1.0.1"
    crypto-js "^4.2.0"
    treeify "^1.1.0"

minimalistic-assert@^1.0.0, minimalistic-assert@^1.0.1:
  version "1.0.1"
  resolved "https://registry.npmjs.org/minimalistic-assert/-/minimalistic-assert-1.0.1.tgz#2e194de044626d4a10e7f7fbc00ce73e83e4d5c7"
  integrity sha512-UtJcAD4yEaGtjPezWuO9wC4nwUnVH/8/Im3yEHQP4b67cXlD/Qr9hdITCU1xDbSEXg2XKNaP8jsReV7vQd00/A==

minimalistic-crypto-utils@^1.0.1:
  version "1.0.1"
  resolved "https://registry.npmjs.org/minimalistic-crypto-utils/-/minimalistic-crypto-utils-1.0.1.tgz#f6c00c1c0b082246e5c4d99dfb8c7c083b2b582a"
  integrity sha512-JIYlbt6g8i5jKfJ3xz7rF0LXmv2TkDxBLUkiBeZ7bAx4GnnNMr8xFpGnOxn6GhTEHx3SjRrZEoU+j04prX1ktg==

node-fetch@^2.6.1, node-fetch@^2.7.0:
  version "2.7.0"
  resolved "https://registry.npmjs.org/node-fetch/-/node-fetch-2.7.0.tgz#d0f0fa6e3e2dc1d27efcd8ad99d550bda94d187d"
  integrity sha512-c4FRfUm/dbcWZ7U+1Wq0AwCyFL+3nt2bEw05wfxSz+DWpWsitgmSgYmy2dQdWyKC1694ELPqMs/YzUSNozLt8A==
  dependencies:
    whatwg-url "^5.0.0"

opensea-js@^7.1.16:
  version "7.1.18"
  resolved "https://registry.npmjs.org/opensea-js/-/opensea-js-7.1.18.tgz#484397a6c3903e033d5f5e943ca59ca2e5dc7535"
  integrity sha512-cFSwroGwRkb8/FHsNjIwL2qvdve39CKMU6IUKmx+zDfsgVwKQ+7SHEj5YfKEspji5kUPpnfBlNLCAIbRS+pssA==
  dependencies:
    "@opensea/seaport-js" "^4.0.0"
    ethers "^6.9.0"

ox@0.6.9:
  version "0.6.9"
  resolved "https://registry.npmjs.org/ox/-/ox-0.6.9.tgz#da1ee04fa10de30c8d04c15bfb80fe58b1f554bd"
  integrity sha512-wi5ShvzE4eOcTwQVsIPdFr+8ycyX+5le/96iAJutaZAvCes1J0+RvpEPg5QDPDiaR0XQQAvZVl7AwqQcINuUug==
  dependencies:
    "@adraffy/ens-normalize" "^1.10.1"
    "@noble/curves" "^1.6.0"
    "@noble/hashes" "^1.5.0"
    "@scure/bip32" "^1.5.0"
    "@scure/bip39" "^1.4.0"
    abitype "^1.0.6"
    eventemitter3 "5.0.1"

scrypt-js@3.0.1:
  version "3.0.1"
  resolved "https://registry.npmjs.org/scrypt-js/-/scrypt-js-3.0.1.tgz#d314a57c2aef69d1ad98a138a21fe9eafa9ee312"
  integrity sha512-cdwTTnqPu0Hyvf5in5asVdZocVDTNRmR7XEcJuIzMjJeSHybHl7vpB66AzwTaIg6CLSbtjcxc8fqcySfnTkccA==

tr46@~0.0.3:
  version "0.0.3"
  resolved "https://registry.npmjs.org/tr46/-/tr46-0.0.3.tgz#8184fd347dac9cdc185992f3a6622e14b9d9ab6a"
  integrity sha512-N3WMsuqV66lT30CrXNbEjx4GEwlow3v6rr4mCcv6prnfwhS01rkgyFdjPNBYd9br7LpXV1+Emh01fHnq2Gdgrw==

treeify@^1.1.0:
  version "1.1.0"
  resolved "https://registry.npmjs.org/treeify/-/treeify-1.1.0.tgz#4e31c6a463accd0943879f30667c4fdaff411bb8"
  integrity sha512-1m4RA7xVAJrSGrrXGs0L3YTwyvBs2S8PbRHaLZAkFw7JR8oIFwYtysxlBZhYIa7xSyiYJKZ3iGrrk55cGA3i9A==

tslib@2.7.0:
  version "2.7.0"
  resolved "https://registry.npmjs.org/tslib/-/tslib-2.7.0.tgz#d9b40c5c40ab59e8738f297df3087bf1a2690c01"
  integrity sha512-gLXCKdN1/j47AiHiOkJN69hJmcbGTHI0ImLmbYLHykhgeN0jVGola9yVjFgzCUklsZQMW55o+dW7IXv3RCXDzA==

undici-types@~6.19.2:
  version "6.19.8"
  resolved "https://registry.npmjs.org/undici-types/-/undici-types-6.19.8.tgz#35111c9d1437ab83a7cdc0abae2f26d88eda0a02"
  integrity sha512-ve2KP6f/JnbPBFyobGHuerC9g1FYGn/F8n1LWTwNxCEzd6IfqTwUQcNXgEtmmQ6DlRrC1hrSrBnCZPokRrDHjw==

unfetch@^4.2.0:
  version "4.2.0"
  resolved "https://registry.npmjs.org/unfetch/-/unfetch-4.2.0.tgz#7e21b0ef7d363d8d9af0fb929a5555f6ef97a3be"
  integrity sha512-F9p7yYCn6cIW9El1zi0HI6vqpeIvBsr3dSuRO6Xuppb1u5rXpCPmMvLSyECLhybr9isec8Ohl0hPekMVrEinDA==

viem@^2.22:
  version "2.26.0"
  resolved "https://registry.npmjs.org/viem/-/viem-2.26.0.tgz#e46aa05212875d4f306449b3bd594e97303abdde"
  integrity sha512-Osht20EySRAcfMhCGAJaWuaREXM7y9vDloLvUTXuAfFq7JNGM5+o1wsE4LXw1KpRBrBliIAJjM+c2wMtMEvlCQ==
  dependencies:
    "@noble/curves" "1.8.1"
    "@noble/hashes" "1.7.1"
    "@scure/bip32" "1.6.2"
    "@scure/bip39" "1.5.4"
    abitype "1.0.8"
    isows "1.0.6"
    ox "0.6.9"
    ws "8.18.1"

webidl-conversions@^3.0.0:
  version "3.0.1"
  resolved "https://registry.npmjs.org/webidl-conversions/-/webidl-conversions-3.0.1.tgz#24534275e2a7bc6be7bc86611cc16ae0a5654871"
  integrity sha512-2JAn3z8AR6rjK8Sm8orRC0h/bcl/DqL7tRPdGZ4I1CjdF+EaMLmYxBHyXuKL849eucPFhvBoxMsflfOb8kxaeQ==

whatwg-url@^5.0.0:
  version "5.0.0"
  resolved "https://registry.npmjs.org/whatwg-url/-/whatwg-url-5.0.0.tgz#966454e8765462e37644d3626f6742ce8b70965d"
  integrity sha512-saE57nupxk6v3HY35+jzBwYa0rKSy0XR8JSxZPwgLr7ys0IBzhGviA1/TUGJLmSVqs8pb9AnvICXEuOHLprYTw==
  dependencies:
    tr46 "~0.0.3"
    webidl-conversions "^3.0.0"

ws@7.4.6:
  version "7.4.6"
  resolved "https://registry.npmjs.org/ws/-/ws-7.4.6.tgz#5654ca8ecdeee47c33a9a4bf6d28e2be2980377c"
  integrity sha512-YmhHDO4MzaDLB+M9ym/mDA5z0naX8j7SIlT8f8z+I0VtzsRbekxEutHSme7NPS2qE8StCYQNUnfWdXta/Yu85A==

ws@8.17.1:
  version "8.17.1"
  resolved "https://registry.npmjs.org/ws/-/ws-8.17.1.tgz#9293da530bb548febc95371d90f9c878727d919b"
  integrity sha512-6XQFvXTkbfUOZOKKILFG1PDK2NDQs4azKQl26T0YS5CxqWLgXajbPZ+h4gZekJyRqFU8pvnbAbbs/3TgRPy+GQ==

ws@8.18.1:
  version "8.18.1"
  resolved "https://registry.npmjs.org/ws/-/ws-8.18.1.tgz#ea131d3784e1dfdff91adb0a4a116b127515e3cb"
  integrity sha512-RKW2aJZMXeMxVpnZ6bck+RswznaxmzdULiBr6KY7XkTnW8uvt0iT9H5DkHUChXrc+uurzwa0rVI16n/Xzjdz1w==
