# THIS IS AN AUTOGENERATED FILE. DO NOT EDIT THIS FILE DIRECTLY.
# yarn lockfile v1


"@dojima-wallet/types@^0.0.1-alpha.6":
  version "0.0.1-alpha.6"
  resolved "https://registry.yarnpkg.com/@dojima-wallet/types/-/types-0.0.1-alpha.6.tgz#6734a5222aac11a1c2aa11385104110a92dc17f3"
  integrity sha512-SnE1uCAxi3ClfZEK8pG6yCDyQBMuWm0yDtklSzLu6EDPyM5Zjc7bu9twMM/Dn1R2wgffCvgeOjtB6/Xfu93Jjw==

moment@^2.29.2:
  version "2.29.4"
  resolved "https://registry.yarnpkg.com/moment/-/moment-2.29.4.tgz#3dbe052889fe7c1b2ed966fcb3a77328964ef108"
  integrity sha512-5LC9SOxjSc2HF6vO2CyuTDNivEdoz2IvyJJGj6X8DJ0eFyfszE0QiEd+iXmBvUP3WHxSjFH/vIsA0EN00cgr8w==
