# THIS IS AN AUTOGENERATED FILE. DO NOT EDIT THIS FILE DIRECTLY.
# yarn lockfile v1


"@dojima-wallet/types@^0.0.1-alpha.4":
  version "0.0.1-alpha.4"
  resolved "https://registry.yarnpkg.com/@dojima-wallet/types/-/types-0.0.1-alpha.4.tgz#f313b2d3a857b7b787453124d48979bd17f5c6bc"
  integrity sha512-yNVZqE5jQsLij463NTaPqI9/670fhffNpY05htr+rpyWC4mDPsHXgi5Z4Bgoa8TfkighYebjnQZk7VJsw2cKNA==

moment@^2.29.2:
  version "2.29.3"
  resolved "https://registry.yarnpkg.com/moment/-/moment-2.29.3.tgz#edd47411c322413999f7a5940d526de183c031f3"
  integrity sha512-c6YRvhEo//6T2Jz/vVtYzqBzwvPT95JBQ+smCytzf7c50oMZRsR/a4w88aD34I+/QVSfnoAnSBFPJHItlOMJVw==
